// !$*UTF8*$!
{
	archiveVersion = 1;
	classes = {
	};
	objectVersion = 50;
	objects = {

/* Begin PBXBuildFile section */
		845620A421E392B00084A708 /* AppDelegate.swift in Sources */ = {isa = PBXBuildFile; fileRef = 845620A321E392B00084A708 /* AppDelegate.swift */; };
		845620A621E392B00084A708 /* ViewController.swift in Sources */ = {isa = PBXBuildFile; fileRef = 845620A521E392B00084A708 /* ViewController.swift */; };
		845620A921E392B00084A708 /* Main.storyboard in Resources */ = {isa = PBXBuildFile; fileRef = 845620A721E392B00084A708 /* Main.storyboard */; };
		845620AB21E392BA0084A708 /* Assets.xcassets in Resources */ = {isa = PBXBuildFile; fileRef = 845620AA21E392BA0084A708 /* Assets.xcassets */; };
		845620AE21E392BA0084A708 /* LaunchScreen.storyboard in Resources */ = {isa = PBXBuildFile; fileRef = 845620AC21E392BA0084A708 /* LaunchScreen.storyboard */; };
		845620B621E392E90084A708 /* MyNewButton.swift in Sources */ = {isa = PBXBuildFile; fileRef = 845620B521E392E90084A708 /* MyNewButton.swift */; };
/* End PBXBuildFile section */

/* Begin PBXFileReference section */
		845620A021E392B00084A708 /* DemoCustomUIButton.app */ = {isa = PBXFileReference; explicitFileType = wrapper.application; includeInIndex = 0; path = DemoCustomUIButton.app; sourceTree = BUILT_PRODUCTS_DIR; };
		845620A321E392B00084A708 /* AppDelegate.swift */ = {isa = PBXFileReference; lastKnownFileType = sourcecode.swift; path = AppDelegate.swift; sourceTree = "<group>"; };
		845620A521E392B00084A708 /* ViewController.swift */ = {isa = PBXFileReference; lastKnownFileType = sourcecode.swift; path = ViewController.swift; sourceTree = "<group>"; };
		845620A821E392B00084A708 /* Base */ = {isa = PBXFileReference; lastKnownFileType = file.storyboard; name = Base; path = Base.lproj/Main.storyboard; sourceTree = "<group>"; };
		845620AA21E392BA0084A708 /* Assets.xcassets */ = {isa = PBXFileReference; lastKnownFileType = folder.assetcatalog; path = Assets.xcassets; sourceTree = "<group>"; };
		845620AD21E392BA0084A708 /* Base */ = {isa = PBXFileReference; lastKnownFileType = file.storyboard; name = Base; path = Base.lproj/LaunchScreen.storyboard; sourceTree = "<group>"; };
		845620AF21E392BA0084A708 /* Info.plist */ = {isa = PBXFileReference; lastKnownFileType = text.plist.xml; path = Info.plist; sourceTree = "<group>"; };
		845620B521E392E90084A708 /* MyNewButton.swift */ = {isa = PBXFileReference; lastKnownFileType = sourcecode.swift; path = MyNewButton.swift; sourceTree = "<group>"; };
/* End PBXFileReference section */

/* Begin PBXFrameworksBuildPhase section */
		8456209D21E392B00084A708 /* Frameworks */ = {
			isa = PBXFrameworksBuildPhase;
			buildActionMask = 2147483647;
			files = (
			);
			runOnlyForDeploymentPostprocessing = 0;
		};
/* End PBXFrameworksBuildPhase section */

/* Begin PBXGroup section */
		8456209721E392B00084A708 = {
			isa = PBXGroup;
			children = (
				845620A221E392B00084A708 /* DemoCustomUIButton */,
				845620A121E392B00084A708 /* Products */,
			);
			sourceTree = "<group>";
		};
		845620A121E392B00084A708 /* Products */ = {
			isa = PBXGroup;
			children = (
				845620A021E392B00084A708 /* DemoCustomUIButton.app */,
			);
			name = Products;
			sourceTree = "<group>";
		};
		845620A221E392B00084A708 /* DemoCustomUIButton */ = {
			isa = PBXGroup;
			children = (
				845620A321E392B00084A708 /* AppDelegate.swift */,
				845620A521E392B00084A708 /* ViewController.swift */,
				845620B521E392E90084A708 /* MyNewButton.swift */,
				845620A721E392B00084A708 /* Main.storyboard */,
				845620AA21E392BA0084A708 /* Assets.xcassets */,
				845620AC21E392BA0084A708 /* LaunchScreen.storyboard */,
				845620AF21E392BA0084A708 /* Info.plist */,
			);
			path = DemoCustomUIButton;
			sourceTree = "<group>";
		};
/* End PBXGroup section */

/* Begin PBXNativeTarget section */
		8456209F21E392B00084A708 /* DemoCustomUIButton */ = {
			isa = PBXNativeTarget;
			buildConfigurationList = 845620B221E392BA0084A708 /* Build configuration list for PBXNativeTarget "DemoCustomUIButton" */;
			buildPhases = (
				8456209C21E392B00084A708 /* Sources */,
				8456209D21E392B00084A708 /* Frameworks */,
				8456209E21E392B00084A708 /* Resources */,
			);
			buildRules = (
			);
			dependencies = (
			);
			name = DemoCustomUIButton;
			productName = DemoCustomUIButton;
			productReference = 845620A021E392B00084A708 /* DemoCustomUIButton.app */;
			productType = "com.apple.product-type.application";
		};
/* End PBXNativeTarget section */

/* Begin PBXProject section */
		8456209821E392B00084A708 /* Project object */ = {
			isa = PBXProject;
			attributes = {
				LastSwiftUpdateCheck = 1000;
				LastUpgradeCheck = 1000;
				ORGANIZATIONNAME = "Rajeshnath Chyarngayil Vishwanath";
				TargetAttributes = {
					8456209F21E392B00084A708 = {
						CreatedOnToolsVersion = 10.0;
					};
				};
			};
			buildConfigurationList = 8456209B21E392B00084A708 /* Build configuration list for PBXProject "DemoCustomUIButton" */;
			compatibilityVersion = "Xcode 9.3";
			developmentRegion = en;
			hasScannedForEncodings = 0;
			knownRegions = (
				en,
				Base,
			);
			mainGroup = 8456209721E392B00084A708;
			productRefGroup = 845620A121E392B00084A708 /* Products */;
			projectDirPath = "";
			projectRoot = "";
			targets = (
				8456209F21E392B00084A708 /* DemoCustomUIButton */,
			);
		};
/* End PBXProject section */

/* Begin PBXResourcesBuildPhase section */
		8456209E21E392B00084A708 /* Resources */ = {
			isa = PBXResourcesBuildPhase;
			buildActionMask = 2147483647;
			files = (
				845620AE21E392BA0084A708 /* LaunchScreen.storyboard in Resources */,
				845620AB21E392BA0084A708 /* Assets.xcassets in Resources */,
				845620A921E392B00084A708 /* Main.storyboard in Resources */,
			);
			runOnlyForDeploymentPostprocessing = 0;
		};
/* End PBXResourcesBuildPhase section */

/* Begin PBXSourcesBuildPhase section */
		8456209C21E392B00084A708 /* Sources */ = {
			isa = PBXSourcesBuildPhase;
			buildActionMask = 2147483647;
			files = (
				845620A621E392B00084A708 /* ViewController.swift in Sources */,
				845620B621E392E90084A708 /* MyNewButton.swift in Sources */,
				845620A421E392B00084A708 /* AppDelegate.swift in Sources */,
			);
			runOnlyForDeploymentPostprocessing = 0;
		};
/* End PBXSourcesBuildPhase section */

/* Begin PBXVariantGroup section */
		845620A721E392B00084A708 /* Main.storyboard */ = {
			isa = PBXVariantGroup;
			children = (
				845620A821E392B00084A708 /* Base */,
			);
			name = Main.storyboard;
			sourceTree = "<group>";
		};
		845620AC21E392BA0084A708 /* LaunchScreen.storyboard */ = {
			isa = PBXVariantGroup;
			children = (
				845620AD21E392BA0084A708 /* Base */,
			);
			name = LaunchScreen.storyboard;
			sourceTree = "<group>";
		};
/* End PBXVariantGroup section */

/* Begin XCBuildConfiguration section */
		845620B021E392BA0084A708 /* Debug */ = {
			isa = XCBuildConfiguration;
			buildSettings = {
				ALWAYS_SEARCH_USER_PATHS = NO;
				CLANG_ANALYZER_NONNULL = YES;
				CLANG_ANALYZER_NUMBER_OBJECT_CONVERSION = YES_AGGRESSIVE;
				CLANG_CXX_LANGUAGE_STANDARD = "gnu++14";
				CLANG_CXX_LIBRARY = "libc++";
				CLANG_ENABLE_MODULES = YES;
				CLANG_ENABLE_OBJC_ARC = YES;
				CLANG_ENABLE_OBJC_WEAK = YES;
				CLANG_WARN_BLOCK_CAPTURE_AUTORELEASING = YES;
				CLANG_WARN_BOOL_CONVERSION = YES;
				CLANG_WARN_COMMA = YES;
				CLANG_WARN_CONSTANT_CONVERSION = YES;
				CLANG_WARN_DEPRECATED_OBJC_IMPLEMENTATIONS = YES;
				CLANG_WARN_DIRECT_OBJC_ISA_USAGE = YES_ERROR;
				CLANG_WARN_DOCUMENTATION_COMMENTS = YES;
				CLANG_WARN_EMPTY_BODY = YES;
				CLANG_WARN_ENUM_CONVERSION = YES;
				CLANG_WARN_INFINITE_RECURSION = YES;
				CLANG_WARN_INT_CONVERSION = YES;
				CLANG_WARN_NON_LITERAL_NULL_CONVERSION = YES;
				CLANG_WARN_OBJC_IMPLICIT_RETAIN_SELF = YES;
				CLANG_WARN_OBJC_LITERAL_CONVERSION = YES;
				CLANG_WARN_OBJC_ROOT_CLASS = YES_ERROR;
				CLANG_WARN_RANGE_LOOP_ANALYSIS = YES;
				CLANG_WARN_STRICT_PROTOTYPES = YES;
				CLANG_WARN_SUSPICIOUS_MOVE = YES;
				CLANG_WARN_UNGUARDED_AVAILABILITY = YES_AGGRESSIVE;
				CLANG_WARN_UNREACHABLE_CODE = YES;
				CLANG_WARN__DUPLICATE_METHOD_MATCH = YES;
				CODE_SIGN_IDENTITY = "iPhone Developer";
				COPY_PHASE_STRIP = NO;
				DEBUG_INFORMATION_FORMAT = dwarf;
				ENABLE_STRICT_OBJC_MSGSEND = YES;
				ENABLE_TESTABILITY = YES;
				GCC_C_LANGUAGE_STANDARD = gnu11;
				GCC_DYNAMIC_NO_PIC = NO;
				GCC_NO_COMMON_BLOCKS = YES;
				GCC_OPTIMIZATION_LEVEL = 0;
				GCC_PREPROCESSOR_DEFINITIONS = (
					"DEBUG=1",
					"$(inherited)",
				);
				GCC_WARN_64_TO_32_BIT_CONVERSION = YES;
				GCC_WARN_ABOUT_RETURN_TYPE = YES_ERROR;
				GCC_WARN_UNDECLARED_SELECTOR = YES;
				GCC_WARN_UNINITIALIZED_AUTOS = YES_AGGRESSIVE;
				GCC_WARN_UNUSED_FUNCTION = YES;
				GCC_WARN_UNUSED_VARIABLE = YES;
				IPHONEOS_DEPLOYMENT_TARGET = 12.0;
				MTL_ENABLE_DEBUG_INFO = INCLUDE_SOURCE;
				MTL_FAST_MATH = YES;
				ONLY_ACTIVE_ARCH = YES;
				SDKROOT = iphoneos;
				SWIFT_ACTIVE_COMPILATION_CONDITIONS = DEBUG;
				SWIFT_OPTIMIZATION_LEVEL = "-Onone";
			};
			name = Debug;
		};
		845620B121E392BA0084A708 /* Release */ = {
			isa = XCBuildConfiguration;
			buildSettings = {
				ALWAYS_SEARCH_USER_PATHS = NO;
				CLANG_ANALYZER_NONNULL = YES;
				CLANG_ANALYZER_NUMBER_OBJECT_CONVERSION = YES_AGGRESSIVE;
				CLANG_CXX_LANGUAGE_STANDARD = "gnu++14";
				CLANG_CXX_LIBRARY = "libc++";
				CLANG_ENABLE_MODULES = YES;
				CLANG_ENABLE_OBJC_ARC = YES;
				CLANG_ENABLE_OBJC_WEAK = YES;
				CLANG_WARN_BLOCK_CAPTURE_AUTORELEASING = YES;
				CLANG_WARN_BOOL_CONVERSION = YES;
				CLANG_WARN_COMMA = YES;
				CLANG_WARN_CONSTANT_CONVERSION = YES;
				CLANG_WARN_DEPRECATED_OBJC_IMPLEMENTATIONS = YES;
				CLANG_WARN_DIRECT_OBJC_ISA_USAGE = YES_ERROR;
				CLANG_WARN_DOCUMENTATION_COMMENTS = YES;
				CLANG_WARN_EMPTY_BODY = YES;
				CLANG_WARN_ENUM_CONVERSION = YES;
				CLANG_WARN_INFINITE_RECURSION = YES;
				CLANG_WARN_INT_CONVERSION = YES;
				CLANG_WARN_NON_LITERAL_NULL_CONVERSION = YES;
				CLANG_WARN_OBJC_IMPLICIT_RETAIN_SELF = YES;
				CLANG_WARN_OBJC_LITERAL_CONVERSION = YES;
				CLANG_WARN_OBJC_ROOT_CLASS = YES_ERROR;
				CLANG_WARN_RANGE_LOOP_ANALYSIS = YES;
				CLANG_WARN_STRICT_PROTOTYPES = YES;
				CLANG_WARN_SUSPICIOUS_MOVE = YES;
				CLANG_WARN_UNGUARDED_AVAILABILITY = YES_AGGRESSIVE;
				CLANG_WARN_UNREACHABLE_CODE = YES;
				CLANG_WARN__DUPLICATE_METHOD_MATCH = YES;
				CODE_SIGN_IDENTITY = "iPhone Developer";
				COPY_PHASE_STRIP = NO;
				DEBUG_INFORMATION_FORMAT = "dwarf-with-dsym";
				ENABLE_NS_ASSERTIONS = NO;
				ENABLE_STRICT_OBJC_MSGSEND = YES;
				GCC_C_LANGUAGE_STANDARD = gnu11;
				GCC_NO_COMMON_BLOCKS = YES;
				GCC_WARN_64_TO_32_BIT_CONVERSION = YES;
				GCC_WARN_ABOUT_RETURN_TYPE = YES_ERROR;
				GCC_WARN_UNDECLARED_SELECTOR = YES;
				GCC_WARN_UNINITIALIZED_AUTOS = YES_AGGRESSIVE;
				GCC_WARN_UNUSED_FUNCTION = YES;
				GCC_WARN_UNUSED_VARIABLE = YES;
				IPHONEOS_DEPLOYMENT_TARGET = 12.0;
				MTL_ENABLE_DEBUG_INFO = NO;
				MTL_FAST_MATH = YES;
				SDKROOT = iphoneos;
				SWIFT_COMPILATION_MODE = wholemodule;
				SWIFT_OPTIMIZATION_LEVEL = "-O";
				VALIDATE_PRODUCT = YES;
			};
			name = Release;
		};
		845620B321E392BA0084A708 /* Debug */ = {
			isa = XCBuildConfiguration;
			buildSettings = {
				ASSETCATALOG_COMPILER_APPICON_NAME = AppIcon;
				CODE_SIGN_STYLE = Automatic;
				INFOPLIST_FILE = DemoCustomUIButton/Info.plist;
				LD_RUNPATH_SEARCH_PATHS = (
					"$(inherited)",
					"@executable_path/Frameworks",
				);
				PRODUCT_BUNDLE_IDENTIFIER = com.iOSlearn.DemoCustomUIButton;
				PRODUCT_NAME = "$(TARGET_NAME)";
				SWIFT_VERSION = 4.2;
				TARGETED_DEVICE_FAMILY = "1,2";
			};
			name = Debug;
		};
		845620B421E392BA0084A708 /* Release */ = {
			isa = XCBuildConfiguration;
			buildSettings = {
				ASSETCATALOG_COMPILER_APPICON_NAME = AppIcon;
				CODE_SIGN_STYLE = Automatic;
				INFOPLIST_FILE = DemoCustomUIButton/Info.plist;
				LD_RUNPATH_SEARCH_PATHS = (
					"$(inherited)",
					"@executable_path/Frameworks",
				);
				PRODUCT_BUNDLE_IDENTIFIER = com.iOSlearn.DemoCustomUIButton;
				PRODUCT_NAME = "$(TARGET_NAME)";
				SWIFT_VERSION = 4.2;
				TARGETED_DEVICE_FAMILY = "1,2";
			};
			name = Release;
		};
/* End XCBuildConfiguration section */

/* Begin XCConfigurationList section */
		8456209B21E392B00084A708 /* Build configuration list for PBXProject "DemoCustomUIButton" */ = {
			isa = XCConfigurationList;
			buildConfigurations = (
				845620B021E392BA0084A708 /* Debug */,
				845620B121E392BA0084A708 /* Release */,
			);
			defaultConfigurationIsVisible = 0;
			defaultConfigurationName = Release;
		};
		845620B221E392BA0084A708 /* Build configuration list for PBXNativeTarget "DemoCustomUIButton" */ = {
			isa = XCConfigurationList;
			buildConfigurations = (
				845620B321E392BA0084A708 /* Debug */,
				845620B421E392BA0084A708 /* Release */,
			);
			defaultConfigurationIsVisible = 0;
			defaultConfigurationName = Release;
		};
/* End XCConfigurationList section */
	};
	rootObject = 8456209821E392B00084A708 /* Project object */;
}
