// !$*UTF8*$!
{
	archiveVersion = 1;
	classes = {
	};
	objectVersion = 50;
	objects = {

/* Begin PBXBuildFile section */
		84BFDA2021D4F60E0004E3C5 /* AppDelegate.swift in Sources */ = {isa = PBXBuildFile; fileRef = 84BFDA1F21D4F60E0004E3C5 /* AppDelegate.swift */; };
		84BFDA2221D4F60E0004E3C5 /* ViewController.swift in Sources */ = {isa = PBXBuildFile; fileRef = 84BFDA2121D4F60E0004E3C5 /* ViewController.swift */; };
		84BFDA2521D4F60E0004E3C5 /* Main.storyboard in Resources */ = {isa = PBXBuildFile; fileRef = 84BFDA2321D4F60E0004E3C5 /* Main.storyboard */; };
		84BFDA2721D4F6180004E3C5 /* Assets.xcassets in Resources */ = {isa = PBXBuildFile; fileRef = 84BFDA2621D4F6180004E3C5 /* Assets.xcassets */; };
		84BFDA2A21D4F6180004E3C5 /* LaunchScreen.storyboard in Resources */ = {isa = PBXBuildFile; fileRef = 84BFDA2821D4F6180004E3C5 /* LaunchScreen.storyboard */; };
/* End PBXBuildFile section */

/* Begin PBXFileReference section */
		84BFDA1C21D4F60E0004E3C5 /* DemoSizeClassProgramatically.app */ = {isa = PBXFileReference; explicitFileType = wrapper.application; includeInIndex = 0; path = DemoSizeClassProgramatically.app; sourceTree = BUILT_PRODUCTS_DIR; };
		84BFDA1F21D4F60E0004E3C5 /* AppDelegate.swift */ = {isa = PBXFileReference; lastKnownFileType = sourcecode.swift; path = AppDelegate.swift; sourceTree = "<group>"; };
		84BFDA2121D4F60E0004E3C5 /* ViewController.swift */ = {isa = PBXFileReference; lastKnownFileType = sourcecode.swift; path = ViewController.swift; sourceTree = "<group>"; };
		84BFDA2421D4F60E0004E3C5 /* Base */ = {isa = PBXFileReference; lastKnownFileType = file.storyboard; name = Base; path = Base.lproj/Main.storyboard; sourceTree = "<group>"; };
		84BFDA2621D4F6180004E3C5 /* Assets.xcassets */ = {isa = PBXFileReference; lastKnownFileType = folder.assetcatalog; path = Assets.xcassets; sourceTree = "<group>"; };
		84BFDA2921D4F6180004E3C5 /* Base */ = {isa = PBXFileReference; lastKnownFileType = file.storyboard; name = Base; path = Base.lproj/LaunchScreen.storyboard; sourceTree = "<group>"; };
		84BFDA2B21D4F6180004E3C5 /* Info.plist */ = {isa = PBXFileReference; lastKnownFileType = text.plist.xml; path = Info.plist; sourceTree = "<group>"; };
/* End PBXFileReference section */

/* Begin PBXFrameworksBuildPhase section */
		84BFDA1921D4F60E0004E3C5 /* Frameworks */ = {
			isa = PBXFrameworksBuildPhase;
			buildActionMask = 2147483647;
			files = (
			);
			runOnlyForDeploymentPostprocessing = 0;
		};
/* End PBXFrameworksBuildPhase section */

/* Begin PBXGroup section */
		84BFDA1321D4F60E0004E3C5 = {
			isa = PBXGroup;
			children = (
				84BFDA1E21D4F60E0004E3C5 /* DemoSizeClassProgramatically */,
				84BFDA1D21D4F60E0004E3C5 /* Products */,
			);
			sourceTree = "<group>";
		};
		84BFDA1D21D4F60E0004E3C5 /* Products */ = {
			isa = PBXGroup;
			children = (
				84BFDA1C21D4F60E0004E3C5 /* DemoSizeClassProgramatically.app */,
			);
			name = Products;
			sourceTree = "<group>";
		};
		84BFDA1E21D4F60E0004E3C5 /* DemoSizeClassProgramatically */ = {
			isa = PBXGroup;
			children = (
				84BFDA1F21D4F60E0004E3C5 /* AppDelegate.swift */,
				84BFDA2121D4F60E0004E3C5 /* ViewController.swift */,
				84BFDA2321D4F60E0004E3C5 /* Main.storyboard */,
				84BFDA2621D4F6180004E3C5 /* Assets.xcassets */,
				84BFDA2821D4F6180004E3C5 /* LaunchScreen.storyboard */,
				84BFDA2B21D4F6180004E3C5 /* Info.plist */,
			);
			path = DemoSizeClassProgramatically;
			sourceTree = "<group>";
		};
/* End PBXGroup section */

/* Begin PBXNativeTarget section */
		84BFDA1B21D4F60E0004E3C5 /* DemoSizeClassProgramatically */ = {
			isa = PBXNativeTarget;
			buildConfigurationList = 84BFDA2E21D4F6180004E3C5 /* Build configuration list for PBXNativeTarget "DemoSizeClassProgramatically" */;
			buildPhases = (
				84BFDA1821D4F60E0004E3C5 /* Sources */,
				84BFDA1921D4F60E0004E3C5 /* Frameworks */,
				84BFDA1A21D4F60E0004E3C5 /* Resources */,
			);
			buildRules = (
			);
			dependencies = (
			);
			name = DemoSizeClassProgramatically;
			productName = DemoSizeClassProgramatically;
			productReference = 84BFDA1C21D4F60E0004E3C5 /* DemoSizeClassProgramatically.app */;
			productType = "com.apple.product-type.application";
		};
/* End PBXNativeTarget section */

/* Begin PBXProject section */
		84BFDA1421D4F60E0004E3C5 /* Project object */ = {
			isa = PBXProject;
			attributes = {
				LastSwiftUpdateCheck = 1000;
				LastUpgradeCheck = 1000;
				ORGANIZATIONNAME = "Rajeshnath Chyarngayil Vishwanath";
				TargetAttributes = {
					84BFDA1B21D4F60E0004E3C5 = {
						CreatedOnToolsVersion = 10.0;
					};
				};
			};
			buildConfigurationList = 84BFDA1721D4F60E0004E3C5 /* Build configuration list for PBXProject "DemoSizeClassProgramatically" */;
			compatibilityVersion = "Xcode 9.3";
			developmentRegion = en;
			hasScannedForEncodings = 0;
			knownRegions = (
				en,
				Base,
			);
			mainGroup = 84BFDA1321D4F60E0004E3C5;
			productRefGroup = 84BFDA1D21D4F60E0004E3C5 /* Products */;
			projectDirPath = "";
			projectRoot = "";
			targets = (
				84BFDA1B21D4F60E0004E3C5 /* DemoSizeClassProgramatically */,
			);
		};
/* End PBXProject section */

/* Begin PBXResourcesBuildPhase section */
		84BFDA1A21D4F60E0004E3C5 /* Resources */ = {
			isa = PBXResourcesBuildPhase;
			buildActionMask = 2147483647;
			files = (
				84BFDA2A21D4F6180004E3C5 /* LaunchScreen.storyboard in Resources */,
				84BFDA2721D4F6180004E3C5 /* Assets.xcassets in Resources */,
				84BFDA2521D4F60E0004E3C5 /* Main.storyboard in Resources */,
			);
			runOnlyForDeploymentPostprocessing = 0;
		};
/* End PBXResourcesBuildPhase section */

/* Begin PBXSourcesBuildPhase section */
		84BFDA1821D4F60E0004E3C5 /* Sources */ = {
			isa = PBXSourcesBuildPhase;
			buildActionMask = 2147483647;
			files = (
				84BFDA2221D4F60E0004E3C5 /* ViewController.swift in Sources */,
				84BFDA2021D4F60E0004E3C5 /* AppDelegate.swift in Sources */,
			);
			runOnlyForDeploymentPostprocessing = 0;
		};
/* End PBXSourcesBuildPhase section */

/* Begin PBXVariantGroup section */
		84BFDA2321D4F60E0004E3C5 /* Main.storyboard */ = {
			isa = PBXVariantGroup;
			children = (
				84BFDA2421D4F60E0004E3C5 /* Base */,
			);
			name = Main.storyboard;
			sourceTree = "<group>";
		};
		84BFDA2821D4F6180004E3C5 /* LaunchScreen.storyboard */ = {
			isa = PBXVariantGroup;
			children = (
				84BFDA2921D4F6180004E3C5 /* Base */,
			);
			name = LaunchScreen.storyboard;
			sourceTree = "<group>";
		};
/* End PBXVariantGroup section */

/* Begin XCBuildConfiguration section */
		84BFDA2C21D4F6180004E3C5 /* Debug */ = {
			isa = XCBuildConfiguration;
			buildSettings = {
				ALWAYS_SEARCH_USER_PATHS = NO;
				CLANG_ANALYZER_NONNULL = YES;
				CLANG_ANALYZER_NUMBER_OBJECT_CONVERSION = YES_AGGRESSIVE;
				CLANG_CXX_LANGUAGE_STANDARD = "gnu++14";
				CLANG_CXX_LIBRARY = "libc++";
				CLANG_ENABLE_MODULES = YES;
				CLANG_ENABLE_OBJC_ARC = YES;
				CLANG_ENABLE_OBJC_WEAK = YES;
				CLANG_WARN_BLOCK_CAPTURE_AUTORELEASING = YES;
				CLANG_WARN_BOOL_CONVERSION = YES;
				CLANG_WARN_COMMA = YES;
				CLANG_WARN_CONSTANT_CONVERSION = YES;
				CLANG_WARN_DEPRECATED_OBJC_IMPLEMENTATIONS = YES;
				CLANG_WARN_DIRECT_OBJC_ISA_USAGE = YES_ERROR;
				CLANG_WARN_DOCUMENTATION_COMMENTS = YES;
				CLANG_WARN_EMPTY_BODY = YES;
				CLANG_WARN_ENUM_CONVERSION = YES;
				CLANG_WARN_INFINITE_RECURSION = YES;
				CLANG_WARN_INT_CONVERSION = YES;
				CLANG_WARN_NON_LITERAL_NULL_CONVERSION = YES;
				CLANG_WARN_OBJC_IMPLICIT_RETAIN_SELF = YES;
				CLANG_WARN_OBJC_LITERAL_CONVERSION = YES;
				CLANG_WARN_OBJC_ROOT_CLASS = YES_ERROR;
				CLANG_WARN_RANGE_LOOP_ANALYSIS = YES;
				CLANG_WARN_STRICT_PROTOTYPES = YES;
				CLANG_WARN_SUSPICIOUS_MOVE = YES;
				CLANG_WARN_UNGUARDED_AVAILABILITY = YES_AGGRESSIVE;
				CLANG_WARN_UNREACHABLE_CODE = YES;
				CLANG_WARN__DUPLICATE_METHOD_MATCH = YES;
				CODE_SIGN_IDENTITY = "iPhone Developer";
				COPY_PHASE_STRIP = NO;
				DEBUG_INFORMATION_FORMAT = dwarf;
				ENABLE_STRICT_OBJC_MSGSEND = YES;
				ENABLE_TESTABILITY = YES;
				GCC_C_LANGUAGE_STANDARD = gnu11;
				GCC_DYNAMIC_NO_PIC = NO;
				GCC_NO_COMMON_BLOCKS = YES;
				GCC_OPTIMIZATION_LEVEL = 0;
				GCC_PREPROCESSOR_DEFINITIONS = (
					"DEBUG=1",
					"$(inherited)",
				);
				GCC_WARN_64_TO_32_BIT_CONVERSION = YES;
				GCC_WARN_ABOUT_RETURN_TYPE = YES_ERROR;
				GCC_WARN_UNDECLARED_SELECTOR = YES;
				GCC_WARN_UNINITIALIZED_AUTOS = YES_AGGRESSIVE;
				GCC_WARN_UNUSED_FUNCTION = YES;
				GCC_WARN_UNUSED_VARIABLE = YES;
				IPHONEOS_DEPLOYMENT_TARGET = 12.0;
				MTL_ENABLE_DEBUG_INFO = INCLUDE_SOURCE;
				MTL_FAST_MATH = YES;
				ONLY_ACTIVE_ARCH = YES;
				SDKROOT = iphoneos;
				SWIFT_ACTIVE_COMPILATION_CONDITIONS = DEBUG;
				SWIFT_OPTIMIZATION_LEVEL = "-Onone";
			};
			name = Debug;
		};
		84BFDA2D21D4F6180004E3C5 /* Release */ = {
			isa = XCBuildConfiguration;
			buildSettings = {
				ALWAYS_SEARCH_USER_PATHS = NO;
				CLANG_ANALYZER_NONNULL = YES;
				CLANG_ANALYZER_NUMBER_OBJECT_CONVERSION = YES_AGGRESSIVE;
				CLANG_CXX_LANGUAGE_STANDARD = "gnu++14";
				CLANG_CXX_LIBRARY = "libc++";
				CLANG_ENABLE_MODULES = YES;
				CLANG_ENABLE_OBJC_ARC = YES;
				CLANG_ENABLE_OBJC_WEAK = YES;
				CLANG_WARN_BLOCK_CAPTURE_AUTORELEASING = YES;
				CLANG_WARN_BOOL_CONVERSION = YES;
				CLANG_WARN_COMMA = YES;
				CLANG_WARN_CONSTANT_CONVERSION = YES;
				CLANG_WARN_DEPRECATED_OBJC_IMPLEMENTATIONS = YES;
				CLANG_WARN_DIRECT_OBJC_ISA_USAGE = YES_ERROR;
				CLANG_WARN_DOCUMENTATION_COMMENTS = YES;
				CLANG_WARN_EMPTY_BODY = YES;
				CLANG_WARN_ENUM_CONVERSION = YES;
				CLANG_WARN_INFINITE_RECURSION = YES;
				CLANG_WARN_INT_CONVERSION = YES;
				CLANG_WARN_NON_LITERAL_NULL_CONVERSION = YES;
				CLANG_WARN_OBJC_IMPLICIT_RETAIN_SELF = YES;
				CLANG_WARN_OBJC_LITERAL_CONVERSION = YES;
				CLANG_WARN_OBJC_ROOT_CLASS = YES_ERROR;
				CLANG_WARN_RANGE_LOOP_ANALYSIS = YES;
				CLANG_WARN_STRICT_PROTOTYPES = YES;
				CLANG_WARN_SUSPICIOUS_MOVE = YES;
				CLANG_WARN_UNGUARDED_AVAILABILITY = YES_AGGRESSIVE;
				CLANG_WARN_UNREACHABLE_CODE = YES;
				CLANG_WARN__DUPLICATE_METHOD_MATCH = YES;
				CODE_SIGN_IDENTITY = "iPhone Developer";
				COPY_PHASE_STRIP = NO;
				DEBUG_INFORMATION_FORMAT = "dwarf-with-dsym";
				ENABLE_NS_ASSERTIONS = NO;
				ENABLE_STRICT_OBJC_MSGSEND = YES;
				GCC_C_LANGUAGE_STANDARD = gnu11;
				GCC_NO_COMMON_BLOCKS = YES;
				GCC_WARN_64_TO_32_BIT_CONVERSION = YES;
				GCC_WARN_ABOUT_RETURN_TYPE = YES_ERROR;
				GCC_WARN_UNDECLARED_SELECTOR = YES;
				GCC_WARN_UNINITIALIZED_AUTOS = YES_AGGRESSIVE;
				GCC_WARN_UNUSED_FUNCTION = YES;
				GCC_WARN_UNUSED_VARIABLE = YES;
				IPHONEOS_DEPLOYMENT_TARGET = 12.0;
				MTL_ENABLE_DEBUG_INFO = NO;
				MTL_FAST_MATH = YES;
				SDKROOT = iphoneos;
				SWIFT_COMPILATION_MODE = wholemodule;
				SWIFT_OPTIMIZATION_LEVEL = "-O";
				VALIDATE_PRODUCT = YES;
			};
			name = Release;
		};
		84BFDA2F21D4F6180004E3C5 /* Debug */ = {
			isa = XCBuildConfiguration;
			buildSettings = {
				ASSETCATALOG_COMPILER_APPICON_NAME = AppIcon;
				CODE_SIGN_STYLE = Automatic;
				INFOPLIST_FILE = DemoSizeClassProgramatically/Info.plist;
				LD_RUNPATH_SEARCH_PATHS = (
					"$(inherited)",
					"@executable_path/Frameworks",
				);
				PRODUCT_BUNDLE_IDENTIFIER = com.iOSlearn.DemoSizeClassProgramatically;
				PRODUCT_NAME = "$(TARGET_NAME)";
				SWIFT_VERSION = 4.2;
				TARGETED_DEVICE_FAMILY = "1,2";
			};
			name = Debug;
		};
		84BFDA3021D4F6180004E3C5 /* Release */ = {
			isa = XCBuildConfiguration;
			buildSettings = {
				ASSETCATALOG_COMPILER_APPICON_NAME = AppIcon;
				CODE_SIGN_STYLE = Automatic;
				INFOPLIST_FILE = DemoSizeClassProgramatically/Info.plist;
				LD_RUNPATH_SEARCH_PATHS = (
					"$(inherited)",
					"@executable_path/Frameworks",
				);
				PRODUCT_BUNDLE_IDENTIFIER = com.iOSlearn.DemoSizeClassProgramatically;
				PRODUCT_NAME = "$(TARGET_NAME)";
				SWIFT_VERSION = 4.2;
				TARGETED_DEVICE_FAMILY = "1,2";
			};
			name = Release;
		};
/* End XCBuildConfiguration section */

/* Begin XCConfigurationList section */
		84BFDA1721D4F60E0004E3C5 /* Build configuration list for PBXProject "DemoSizeClassProgramatically" */ = {
			isa = XCConfigurationList;
			buildConfigurations = (
				84BFDA2C21D4F6180004E3C5 /* Debug */,
				84BFDA2D21D4F6180004E3C5 /* Release */,
			);
			defaultConfigurationIsVisible = 0;
			defaultConfigurationName = Release;
		};
		84BFDA2E21D4F6180004E3C5 /* Build configuration list for PBXNativeTarget "DemoSizeClassProgramatically" */ = {
			isa = XCConfigurationList;
			buildConfigurations = (
				84BFDA2F21D4F6180004E3C5 /* Debug */,
				84BFDA3021D4F6180004E3C5 /* Release */,
			);
			defaultConfigurationIsVisible = 0;
			defaultConfigurationName = Release;
		};
/* End XCConfigurationList section */
	};
	rootObject = 84BFDA1421D4F60E0004E3C5 /* Project object */;
}
